{
  "name": "services-layer",
  "version": "1.0.0",
  "lockfileVersion": 1,
  "requires": true,
  "dependencies": {
    "@sakartvelosoft/type-system": {
      "version": "0.2.3",
      "resolved": "https://registry.npmjs.org/@sakartvelosoft/type-system/-/type-system-0.2.3.tgz",
      "integrity": "sha512-An68Ei83S7N3Zw7J4YbAlsu+0jscgaiPHeXltzlN8Emc6+dOiceeGKSVNlcown15NG1zKfTEYYQh+4TaoU3vpw=="
    },
    "@tsconfig/node12": {
      "version": "1.0.7",
      "resolved": "https://registry.npmjs.org/@tsconfig/node12/-/node12-1.0.7.tgz",
      "integrity": "sha512-dgasobK/Y0wVMswcipr3k0HpevxFJLijN03A8mYfEPvWvOs14v0ZlYTR4kIgMx8g4+fTyTFv8/jLCIfRqLDJ4A==",
      "dev": true
    }
  }
}
